
Microsoft Visual Studio Solution File, Format Version 12.00
# Visual Studio 15
Project("{FAE04EC0-301F-11D3-BF4B-00C04F79EFBC}") = "UnityEngine.TestRunner", "UnityEngine.TestRunner.csproj", "{6B47F3D6-7DAC-375B-870A-8F4D30B516EA}"
EndProject
Project("{FAE04EC0-301F-11D3-BF4B-00C04F79EFBC}") = "UnityEngine.UI", "UnityEngine.UI.csproj", "{F7C1C011-D3D1-0254-2039-C9A6D7A38776}"
EndProject
Project("{FAE04EC0-301F-11D3-BF4B-00C04F79EFBC}") = "Unity.VisualScripting.Flow", "Unity.VisualScripting.Flow.csproj", "{7AEC7568-4BA3-F877-3387-7734D2F5F300}"
EndProject
Project("{FAE04EC0-301F-11D3-BF4B-00C04F79EFBC}") = "Unity.Mathematics", "Unity.Mathematics.csproj", "{084981F4-4AFF-F841-D1FD-6B80BE7479B6}"
EndProject
Project("{FAE04EC0-301F-11D3-BF4B-00C04F79EFBC}") = "Unity.Services.Core.Telemetry", "Unity.Services.Core.Telemetry.csproj", "{57DA66D3-1D40-337A-8C42-1048355AD20E}"
EndProject
Project("{FAE04EC0-301F-11D3-BF4B-00C04F79EFBC}") = "Unity.InputSystem", "Unity.InputSystem.csproj", "{94B99D44-E3D6-1C35-2618-0B5B215FF1E3}"
EndProject
Project("{FAE04EC0-301F-11D3-BF4B-00C04F79EFBC}") = "Unity.VisualScripting.State", "Unity.VisualScripting.State.csproj", "{503E5E5B-8F0B-D0BB-F26B-2187C8FF9AB2}"
EndProject
Project("{FAE04EC0-301F-11D3-BF4B-00C04F79EFBC}") = "Unity.VisualScripting.Core", "Unity.VisualScripting.Core.csproj", "{FEE15215-D2E3-C608-C6E9-4F8D749F62EB}"
EndProject
Project("{FAE04EC0-301F-11D3-BF4B-00C04F79EFBC}") = "Unity.Services.Core.Environments.Internal", "Unity.Services.Core.Environments.Internal.csproj", "{870E6B9C-586A-9D90-4FBA-063E18E0ACA6}"
EndProject
Project("{FAE04EC0-301F-11D3-BF4B-00C04F79EFBC}") = "Unity.Burst", "Unity.Burst.csproj", "{F0F464CF-7A74-4EEC-E209-DD9CDA7C38C5}"
EndProject
Project("{FAE04EC0-301F-11D3-BF4B-00C04F79EFBC}") = "Unity.2D.Animation.Runtime", "Unity.2D.Animation.Runtime.csproj", "{517D6706-BCEF-097C-1F03-7889FDB9F11B}"
EndProject
Project("{FAE04EC0-301F-11D3-BF4B-00C04F79EFBC}") = "Unity.TextMeshPro", "Unity.TextMeshPro.csproj", "{41CE2394-FFB3-E9B8-947B-74849D4B5994}"
EndProject
Project("{FAE04EC0-301F-11D3-BF4B-00C04F79EFBC}") = "Cinemachine", "Cinemachine.csproj", "{349E1A35-DDEC-6D50-310D-4DA225EF5B4D}"
EndProject
Project("{FAE04EC0-301F-11D3-BF4B-00C04F79EFBC}") = "Unity.Timeline", "Unity.Timeline.csproj", "{655675FD-5F22-2C78-9DBC-CC71CED1C5F6}"
EndProject
Project("{FAE04EC0-301F-11D3-BF4B-00C04F79EFBC}") = "Unity.Services.Core.Environments", "Unity.Services.Core.Environments.csproj", "{41E062B6-B2A1-42FC-719B-68A81E83C818}"
EndProject
Project("{FAE04EC0-301F-11D3-BF4B-00C04F79EFBC}") = "Unity.Services.Core.Internal", "Unity.Services.Core.Internal.csproj", "{AEA4CB71-D98B-FCB0-A75E-2C65BDC94DAD}"
EndProject
Project("{FAE04EC0-301F-11D3-BF4B-00C04F79EFBC}") = "Unity.Services.Core.Analytics", "Unity.Services.Core.Analytics.csproj", "{466F4FBC-1724-AC25-1E79-B06749394D57}"
EndProject
Project("{FAE04EC0-301F-11D3-BF4B-00C04F79EFBC}") = "Unity.2D.SpriteShape.Runtime", "Unity.2D.SpriteShape.Runtime.csproj", "{DC8AF845-D71B-0190-F39F-08F2EB942524}"
EndProject
Project("{FAE04EC0-301F-11D3-BF4B-00C04F79EFBC}") = "Unity.Services.Core.Scheduler", "Unity.Services.Core.Scheduler.csproj", "{7E9DF89A-D915-BB3E-B3FE-8240EA6ED51C}"
EndProject
Project("{FAE04EC0-301F-11D3-BF4B-00C04F79EFBC}") = "Unity.Services.Core.Registration", "Unity.Services.Core.Registration.csproj", "{212F03A7-4410-3147-0B6F-8A0A73458C43}"
EndProject
Project("{FAE04EC0-301F-11D3-BF4B-00C04F79EFBC}") = "Unity.2D.PixelPerfect", "Unity.2D.PixelPerfect.csproj", "{5A627DA3-6EF6-05BF-9795-F46E2B57BF02}"
EndProject
Project("{FAE04EC0-301F-11D3-BF4B-00C04F79EFBC}") = "Unity.2D.Common.Runtime", "Unity.2D.Common.Runtime.csproj", "{3E437EDC-2E1F-0C9C-2044-C14F39E86B2F}"
EndProject
Project("{FAE04EC0-301F-11D3-BF4B-00C04F79EFBC}") = "Unity.2D.IK.Runtime", "Unity.2D.IK.Runtime.csproj", "{B7F136C9-90C0-4839-8CCE-1DC2BB85619D}"
EndProject
Project("{FAE04EC0-301F-11D3-BF4B-00C04F79EFBC}") = "Unity.Services.Core.Device", "Unity.Services.Core.Device.csproj", "{EB427F9A-1D24-4293-439A-9936EA5E35C9}"
EndProject
Project("{FAE04EC0-301F-11D3-BF4B-00C04F79EFBC}") = "Unity.Services.Core.Threading", "Unity.Services.Core.Threading.csproj", "{4BF6AC11-2F8F-5620-7BA1-7D45B1DB40FE}"
EndProject
Project("{FAE04EC0-301F-11D3-BF4B-00C04F79EFBC}") = "Unity.2D.Tilemap.Extras", "Unity.2D.Tilemap.Extras.csproj", "{662033D0-E2AF-5F66-179E-AADC86C82159}"
EndProject
Project("{FAE04EC0-301F-11D3-BF4B-00C04F79EFBC}") = "Unity.Services.Core.Networking", "Unity.Services.Core.Networking.csproj", "{14E9A0FF-96E2-5246-D51F-D9598F2D3D53}"
EndProject
Project("{FAE04EC0-301F-11D3-BF4B-00C04F79EFBC}") = "Unity.Services.Core", "Unity.Services.Core.csproj", "{A1F1DDB3-2870-0A64-40F5-76B9271B8ED1}"
EndProject
Project("{FAE04EC0-301F-11D3-BF4B-00C04F79EFBC}") = "Unity.InternalAPIEngineBridge.001", "Unity.InternalAPIEngineBridge.001.csproj", "{948F5867-2A1A-30FA-9288-C66D5D5CE76D}"
EndProject
Project("{FAE04EC0-301F-11D3-BF4B-00C04F79EFBC}") = "Unity.Services.Core.Configuration", "Unity.Services.Core.Configuration.csproj", "{A58D9171-0575-7270-558C-66182F7903FD}"
EndProject
Project("{FAE04EC0-301F-11D3-BF4B-00C04F79EFBC}") = "Assembly-CSharp", "Assembly-CSharp.csproj", "{B8BF02F8-E25E-9377-1D15-924244951791}"
EndProject
Project("{FAE04EC0-301F-11D3-BF4B-00C04F79EFBC}") = "Unity.PlasticSCM.Editor", "Unity.PlasticSCM.Editor.csproj", "{35C8876B-8475-C8A0-9F5A-B43884A6571B}"
EndProject
Project("{FAE04EC0-301F-11D3-BF4B-00C04F79EFBC}") = "Unity.VisualScripting.Core.Editor", "Unity.VisualScripting.Core.Editor.csproj", "{63504EF2-B907-42B7-813C-5AED977D77AF}"
EndProject
Project("{FAE04EC0-301F-11D3-BF4B-00C04F79EFBC}") = "Unity.VisualScripting.Flow.Editor", "Unity.VisualScripting.Flow.Editor.csproj", "{BE8B81F6-A9AB-0205-8B17-884547DFBDE6}"
EndProject
Project("{FAE04EC0-301F-11D3-BF4B-00C04F79EFBC}") = "Unity.VisualStudio.Editor", "Unity.VisualStudio.Editor.csproj", "{381A52C7-8CB5-3549-57B4-D58A6742320A}"
EndProject
Project("{FAE04EC0-301F-11D3-BF4B-00C04F79EFBC}") = "Unity.Timeline.Editor", "Unity.Timeline.Editor.csproj", "{0B59F336-E9A3-EFC5-1F86-AA648F8EC0E3}"
EndProject
Project("{FAE04EC0-301F-11D3-BF4B-00C04F79EFBC}") = "com.unity.cinemachine.editor", "com.unity.cinemachine.editor.csproj", "{2144300F-3155-52DB-07B2-2CFCDC858758}"
EndProject
Project("{FAE04EC0-301F-11D3-BF4B-00C04F79EFBC}") = "Unity.VisualScripting.State.Editor", "Unity.VisualScripting.State.Editor.csproj", "{5296DC53-D043-1A65-9E57-908068769029}"
EndProject
Project("{FAE04EC0-301F-11D3-BF4B-00C04F79EFBC}") = "Unity.TextMeshPro.Editor", "Unity.TextMeshPro.Editor.csproj", "{93E9CC34-0378-9F87-6363-61D84D5DCA09}"
EndProject
Project("{FAE04EC0-301F-11D3-BF4B-00C04F79EFBC}") = "Unity.2D.Animation.Editor", "Unity.2D.Animation.Editor.csproj", "{2D60B5C9-FCD3-F2CE-B322-5FB11584A8C4}"
EndProject
Project("{FAE04EC0-301F-11D3-BF4B-00C04F79EFBC}") = "Unity.VisualScripting.SettingsProvider.Editor", "Unity.VisualScripting.SettingsProvider.Editor.csproj", "{BC902175-A501-52F4-074B-6DC9D91C3DCF}"
EndProject
Project("{FAE04EC0-301F-11D3-BF4B-00C04F79EFBC}") = "Unity.CollabProxy.Editor", "Unity.CollabProxy.Editor.csproj", "{BEC90F2B-82EC-A23E-9CF3-5B21775B38C4}"
EndProject
Project("{FAE04EC0-301F-11D3-BF4B-00C04F79EFBC}") = "UnityEditor.TestRunner", "UnityEditor.TestRunner.csproj", "{4574C3A3-53A1-B551-8D7F-04C9847CE9BB}"
EndProject
Project("{FAE04EC0-301F-11D3-BF4B-00C04F79EFBC}") = "Unity.2D.Tilemap.Editor", "Unity.2D.Tilemap.Editor.csproj", "{1C973CA5-D6C8-E6ED-9F50-20478564658A}"
EndProject
Project("{FAE04EC0-301F-11D3-BF4B-00C04F79EFBC}") = "Unity.Services.Core.Editor", "Unity.Services.Core.Editor.csproj", "{00DBB4FA-9D74-072E-1A17-0349A9D3264F}"
EndProject
Project("{FAE04EC0-301F-11D3-BF4B-00C04F79EFBC}") = "Unity.Rider.Editor", "Unity.Rider.Editor.csproj", "{8C60675F-9214-E307-9A45-6251ACD04B7C}"
EndProject
Project("{FAE04EC0-301F-11D3-BF4B-00C04F79EFBC}") = "Unity.2D.Path.Editor", "Unity.2D.Path.Editor.csproj", "{60B0BB9F-AAE0-0B21-2A9D-AD6E976B0997}"
EndProject
Project("{FAE04EC0-301F-11D3-BF4B-00C04F79EFBC}") = "PsdPlugin", "PsdPlugin.csproj", "{F39E3D90-4A06-D76A-C780-E779519798D9}"
EndProject
Project("{FAE04EC0-301F-11D3-BF4B-00C04F79EFBC}") = "Unity.2D.IK.Editor", "Unity.2D.IK.Editor.csproj", "{3D3929C7-B6FF-8671-9AAD-783C3FD33EFF}"
EndProject
Project("{FAE04EC0-301F-11D3-BF4B-00C04F79EFBC}") = "Unity.2D.Psdimporter.Editor", "Unity.2D.Psdimporter.Editor.csproj", "{373A0B3F-CE9D-8FE9-20D8-DE0F711BFE77}"
EndProject
Project("{FAE04EC0-301F-11D3-BF4B-00C04F79EFBC}") = "Unity.2D.SpriteShape.Editor", "Unity.2D.SpriteShape.Editor.csproj", "{F176A0A2-7A2A-A52A-7748-21D1564D7CBC}"
EndProject
Project("{FAE04EC0-301F-11D3-BF4B-00C04F79EFBC}") = "Unity.Burst.CodeGen", "Unity.Burst.CodeGen.csproj", "{7E268CB4-DF83-B671-4236-502731091290}"
EndProject
Project("{FAE04EC0-301F-11D3-BF4B-00C04F79EFBC}") = "Unity.2D.PixelPerfect.Editor", "Unity.2D.PixelPerfect.Editor.csproj", "{99415FF6-F6D6-776F-985D-0D760DECC057}"
EndProject
Project("{FAE04EC0-301F-11D3-BF4B-00C04F79EFBC}") = "Unity.VSCode.Editor", "Unity.VSCode.Editor.csproj", "{93F40F4C-6DBD-46EA-F6DC-7E8B52AD3DAD}"
EndProject
Project("{FAE04EC0-301F-11D3-BF4B-00C04F79EFBC}") = "Unity.2D.Sprite.Editor", "Unity.2D.Sprite.Editor.csproj", "{5B422125-24A9-A773-27A1-B4E418C9E99F}"
EndProject
Project("{FAE04EC0-301F-11D3-BF4B-00C04F79EFBC}") = "UnityEditor.UI", "UnityEditor.UI.csproj", "{EA660189-9097-FC02-1D8A-7C0B1B289D13}"
EndProject
Project("{FAE04EC0-301F-11D3-BF4B-00C04F79EFBC}") = "Unity.2D.Common.Editor", "Unity.2D.Common.Editor.csproj", "{135B8848-2C16-33AB-3557-2EC385AD21EF}"
EndProject
Project("{FAE04EC0-301F-11D3-BF4B-00C04F79EFBC}") = "Unity.Mathematics.Editor", "Unity.Mathematics.Editor.csproj", "{2B223CB5-A185-6555-7CB0-2490DADB064A}"
EndProject
Project("{FAE04EC0-301F-11D3-BF4B-00C04F79EFBC}") = "Unity.Services.Core.Configuration.Editor", "Unity.Services.Core.Configuration.Editor.csproj", "{DE7390BC-3A5D-4842-AAAE-F10A52F384AD}"
EndProject
Project("{FAE04EC0-301F-11D3-BF4B-00C04F79EFBC}") = "Unity.2D.Tilemap.Extras.Editor", "Unity.2D.Tilemap.Extras.Editor.csproj", "{E12DCA23-EE96-BF77-F306-282CBA5C0A64}"
EndProject
Project("{FAE04EC0-301F-11D3-BF4B-00C04F79EFBC}") = "Unity.Burst.Editor", "Unity.Burst.Editor.csproj", "{AA445F4D-789D-E5B1-8BFD-40CB18D8AD11}"
EndProject
Project("{FAE04EC0-301F-11D3-BF4B-00C04F79EFBC}") = "Unity.InternalAPIEditorBridge.001", "Unity.InternalAPIEditorBridge.001.csproj", "{791779E3-6BCB-8385-B806-5B3C075B2CCD}"
EndProject
Project("{FAE04EC0-301F-11D3-BF4B-00C04F79EFBC}") = "Unity.VisualScripting.Shared.Editor", "Unity.VisualScripting.Shared.Editor.csproj", "{9B5557AA-D5E3-B65A-F75E-FE65200C6049}"
EndProject
Project("{FAE04EC0-301F-11D3-BF4B-00C04F79EFBC}") = "UnityEngine.TestRunner", "UnityEngine.TestRunner.Player.csproj", "{314A2C4C-2056-E301-8F51-E2977FCF4D87}"
EndProject
Project("{FAE04EC0-301F-11D3-BF4B-00C04F79EFBC}") = "UnityEngine.UI", "UnityEngine.UI.Player.csproj", "{FA0ED90C-0A7A-6252-8466-7E09104170E7}"
EndProject
Project("{FAE04EC0-301F-11D3-BF4B-00C04F79EFBC}") = "Unity.VisualScripting.Flow", "Unity.VisualScripting.Flow.Player.csproj", "{29F3FE3B-7C4A-FECD-A3EB-D6BB9CA03660}"
EndProject
Project("{FAE04EC0-301F-11D3-BF4B-00C04F79EFBC}") = "Unity.Mathematics", "Unity.Mathematics.Player.csproj", "{9634BB05-B636-D02D-9552-66A84D3362FD}"
EndProject
Project("{FAE04EC0-301F-11D3-BF4B-00C04F79EFBC}") = "Unity.Services.Core.Telemetry", "Unity.Services.Core.Telemetry.Player.csproj", "{8F2ACE51-B6A9-EEB2-9BE7-7E89F8975C3B}"
EndProject
Project("{FAE04EC0-301F-11D3-BF4B-00C04F79EFBC}") = "Unity.InputSystem", "Unity.InputSystem.Player.csproj", "{344338FB-D8A4-1A63-D4F2-BFA3E889D65C}"
EndProject
Project("{FAE04EC0-301F-11D3-BF4B-00C04F79EFBC}") = "Unity.VisualScripting.State", "Unity.VisualScripting.State.Player.csproj", "{CD111A30-87E7-D1FC-0947-AE5B8E4DB36B}"
EndProject
Project("{FAE04EC0-301F-11D3-BF4B-00C04F79EFBC}") = "Unity.VisualScripting.Core", "Unity.VisualScripting.Core.Player.csproj", "{40F07D59-B11E-0E58-659E-514CD4E68C4E}"
EndProject
Project("{FAE04EC0-301F-11D3-BF4B-00C04F79EFBC}") = "Unity.Services.Core.Environments.Internal", "Unity.Services.Core.Environments.Internal.Player.csproj", "{DB83A39E-77CA-0E6D-0D1C-964B900A657B}"
EndProject
Project("{FAE04EC0-301F-11D3-BF4B-00C04F79EFBC}") = "Unity.Burst", "Unity.Burst.Player.csproj", "{CE2425E3-8F1F-782B-66F8-E2E5AF7C0D73}"
EndProject
Project("{FAE04EC0-301F-11D3-BF4B-00C04F79EFBC}") = "Unity.2D.Animation.Runtime", "Unity.2D.Animation.Runtime.Player.csproj", "{DB473640-8C21-D08D-C152-C0662D12F613}"
EndProject
Project("{FAE04EC0-301F-11D3-BF4B-00C04F79EFBC}") = "Unity.TextMeshPro", "Unity.TextMeshPro.Player.csproj", "{43D930B8-5F3D-168A-A72D-8FECFCF576B5}"
EndProject
Project("{FAE04EC0-301F-11D3-BF4B-00C04F79EFBC}") = "Cinemachine", "Cinemachine.Player.csproj", "{6A49C31F-29DB-DA85-D71B-6E7F5B384FFE}"
EndProject
Project("{FAE04EC0-301F-11D3-BF4B-00C04F79EFBC}") = "Unity.Timeline", "Unity.Timeline.Player.csproj", "{87516350-2EF3-B165-1626-577430C2A70C}"
EndProject
Project("{FAE04EC0-301F-11D3-BF4B-00C04F79EFBC}") = "Unity.Services.Core.Environments", "Unity.Services.Core.Environments.Player.csproj", "{055468BE-7E70-976C-6041-F6D160F70207}"
EndProject
Project("{FAE04EC0-301F-11D3-BF4B-00C04F79EFBC}") = "Unity.Services.Core.Internal", "Unity.Services.Core.Internal.Player.csproj", "{2AF6ACE9-485B-3CB0-4300-0127F77C0A4A}"
EndProject
Project("{FAE04EC0-301F-11D3-BF4B-00C04F79EFBC}") = "Unity.Services.Core.Analytics", "Unity.Services.Core.Analytics.Player.csproj", "{9E37B037-ED7D-6678-471E-1CF024A0696D}"
EndProject
Project("{FAE04EC0-301F-11D3-BF4B-00C04F79EFBC}") = "Unity.2D.SpriteShape.Runtime", "Unity.2D.SpriteShape.Runtime.Player.csproj", "{37989E74-242E-50AE-9946-17A7E747A86E}"
EndProject
Project("{FAE04EC0-301F-11D3-BF4B-00C04F79EFBC}") = "Unity.Services.Core.Scheduler", "Unity.Services.Core.Scheduler.Player.csproj", "{AD78509F-E518-1C35-EA49-CF76EC7A4A70}"
EndProject
Project("{FAE04EC0-301F-11D3-BF4B-00C04F79EFBC}") = "Unity.Services.Core.Registration", "Unity.Services.Core.Registration.Player.csproj", "{B7672C0B-B883-E732-70C8-9CE8EA07E776}"
EndProject
Project("{FAE04EC0-301F-11D3-BF4B-00C04F79EFBC}") = "Unity.2D.PixelPerfect", "Unity.2D.PixelPerfect.Player.csproj", "{EA612DA2-62B1-A172-E3BE-9CD0F186BAD5}"
EndProject
Project("{FAE04EC0-301F-11D3-BF4B-00C04F79EFBC}") = "Unity.2D.Common.Runtime", "Unity.2D.Common.Runtime.Player.csproj", "{B088C2BE-F9FA-91E2-A9A7-86DBD44BA4F6}"
EndProject
Project("{FAE04EC0-301F-11D3-BF4B-00C04F79EFBC}") = "Unity.2D.IK.Runtime", "Unity.2D.IK.Runtime.Player.csproj", "{6A7E9E89-EF2B-ECD4-890A-DF85EBBFD9C8}"
EndProject
Project("{FAE04EC0-301F-11D3-BF4B-00C04F79EFBC}") = "Unity.Services.Core.Device", "Unity.Services.Core.Device.Player.csproj", "{DF4E5277-253D-3D6D-C854-5ACCF5710ABA}"
EndProject
Project("{FAE04EC0-301F-11D3-BF4B-00C04F79EFBC}") = "Unity.Services.Core.Threading", "Unity.Services.Core.Threading.Player.csproj", "{E9B284A2-912E-3713-9D8E-BAA590042439}"
EndProject
Project("{FAE04EC0-301F-11D3-BF4B-00C04F79EFBC}") = "Unity.2D.Tilemap.Extras", "Unity.2D.Tilemap.Extras.Player.csproj", "{100C8CC4-FD28-5720-45E7-F61512FC650F}"
EndProject
Project("{FAE04EC0-301F-11D3-BF4B-00C04F79EFBC}") = "Unity.Services.Core.Networking", "Unity.Services.Core.Networking.Player.csproj", "{9466AAF3-A97F-C88C-1FA4-2DE267FACBB5}"
EndProject
Project("{FAE04EC0-301F-11D3-BF4B-00C04F79EFBC}") = "Unity.Services.Core", "Unity.Services.Core.Player.csproj", "{3F745EDA-FBA1-D830-C354-4489582D495F}"
EndProject
Project("{FAE04EC0-301F-11D3-BF4B-00C04F79EFBC}") = "Unity.InternalAPIEngineBridge.001", "Unity.InternalAPIEngineBridge.001.Player.csproj", "{E11CAA0D-619D-F160-B914-0CD4A49D4277}"
EndProject
Project("{FAE04EC0-301F-11D3-BF4B-00C04F79EFBC}") = "Unity.Services.Core.Configuration", "Unity.Services.Core.Configuration.Player.csproj", "{AB463392-C13E-B2E7-255F-31692389413B}"
EndProject
Project("{FAE04EC0-301F-11D3-BF4B-00C04F79EFBC}") = "Assembly-CSharp", "Assembly-CSharp.Player.csproj", "{C03CEA86-C0E0-6934-9EA5-ADCC619B346D}"
EndProject
Global
	GlobalSection(SolutionConfigurationPlatforms) = preSolution
		Debug|Any CPU = Debug|Any CPU
		Release|Any CPU = Release|Any CPU
	EndGlobalSection
	GlobalSection(ProjectConfigurationPlatforms) = postSolution
		{6B47F3D6-7DAC-375B-870A-8F4D30B516EA}.Debug|Any CPU.ActiveCfg = Debug|Any CPU
		{6B47F3D6-7DAC-375B-870A-8F4D30B516EA}.Debug|Any CPU.Build.0 = Debug|Any CPU
		{6B47F3D6-7DAC-375B-870A-8F4D30B516EA}.Release|Any CPU.ActiveCfg = Release|Any CPU
		{6B47F3D6-7DAC-375B-870A-8F4D30B516EA}.Release|Any CPU.Build.0 = Release|Any CPU
		{F7C1C011-D3D1-0254-2039-C9A6D7A38776}.Debug|Any CPU.ActiveCfg = Debug|Any CPU
		{F7C1C011-D3D1-0254-2039-C9A6D7A38776}.Debug|Any CPU.Build.0 = Debug|Any CPU
		{F7C1C011-D3D1-0254-2039-C9A6D7A38776}.Release|Any CPU.ActiveCfg = Release|Any CPU
		{F7C1C011-D3D1-0254-2039-C9A6D7A38776}.Release|Any CPU.Build.0 = Release|Any CPU
		{7AEC7568-4BA3-F877-3387-7734D2F5F300}.Debug|Any CPU.ActiveCfg = Debug|Any CPU
		{7AEC7568-4BA3-F877-3387-7734D2F5F300}.Debug|Any CPU.Build.0 = Debug|Any CPU
		{7AEC7568-4BA3-F877-3387-7734D2F5F300}.Release|Any CPU.ActiveCfg = Release|Any CPU
		{7AEC7568-4BA3-F877-3387-7734D2F5F300}.Release|Any CPU.Build.0 = Release|Any CPU
		{084981F4-4AFF-F841-D1FD-6B80BE7479B6}.Debug|Any CPU.ActiveCfg = Debug|Any CPU
		{084981F4-4AFF-F841-D1FD-6B80BE7479B6}.Debug|Any CPU.Build.0 = Debug|Any CPU
		{084981F4-4AFF-F841-D1FD-6B80BE7479B6}.Release|Any CPU.ActiveCfg = Release|Any CPU
		{084981F4-4AFF-F841-D1FD-6B80BE7479B6}.Release|Any CPU.Build.0 = Release|Any CPU
		{57DA66D3-1D40-337A-8C42-1048355AD20E}.Debug|Any CPU.ActiveCfg = Debug|Any CPU
		{57DA66D3-1D40-337A-8C42-1048355AD20E}.Debug|Any CPU.Build.0 = Debug|Any CPU
		{57DA66D3-1D40-337A-8C42-1048355AD20E}.Release|Any CPU.ActiveCfg = Release|Any CPU
		{57DA66D3-1D40-337A-8C42-1048355AD20E}.Release|Any CPU.Build.0 = Release|Any CPU
		{94B99D44-E3D6-1C35-2618-0B5B215FF1E3}.Debug|Any CPU.ActiveCfg = Debug|Any CPU
		{94B99D44-E3D6-1C35-2618-0B5B215FF1E3}.Debug|Any CPU.Build.0 = Debug|Any CPU
		{94B99D44-E3D6-1C35-2618-0B5B215FF1E3}.Release|Any CPU.ActiveCfg = Release|Any CPU
		{94B99D44-E3D6-1C35-2618-0B5B215FF1E3}.Release|Any CPU.Build.0 = Release|Any CPU
		{503E5E5B-8F0B-D0BB-F26B-2187C8FF9AB2}.Debug|Any CPU.ActiveCfg = Debug|Any CPU
		{503E5E5B-8F0B-D0BB-F26B-2187C8FF9AB2}.Debug|Any CPU.Build.0 = Debug|Any CPU
		{503E5E5B-8F0B-D0BB-F26B-2187C8FF9AB2}.Release|Any CPU.ActiveCfg = Release|Any CPU
		{503E5E5B-8F0B-D0BB-F26B-2187C8FF9AB2}.Release|Any CPU.Build.0 = Release|Any CPU
		{FEE15215-D2E3-C608-C6E9-4F8D749F62EB}.Debug|Any CPU.ActiveCfg = Debug|Any CPU
		{FEE15215-D2E3-C608-C6E9-4F8D749F62EB}.Debug|Any CPU.Build.0 = Debug|Any CPU
		{FEE15215-D2E3-C608-C6E9-4F8D749F62EB}.Release|Any CPU.ActiveCfg = Release|Any CPU
		{FEE15215-D2E3-C608-C6E9-4F8D749F62EB}.Release|Any CPU.Build.0 = Release|Any CPU
		{870E6B9C-586A-9D90-4FBA-063E18E0ACA6}.Debug|Any CPU.ActiveCfg = Debug|Any CPU
		{870E6B9C-586A-9D90-4FBA-063E18E0ACA6}.Debug|Any CPU.Build.0 = Debug|Any CPU
		{870E6B9C-586A-9D90-4FBA-063E18E0ACA6}.Release|Any CPU.ActiveCfg = Release|Any CPU
		{870E6B9C-586A-9D90-4FBA-063E18E0ACA6}.Release|Any CPU.Build.0 = Release|Any CPU
		{F0F464CF-7A74-4EEC-E209-DD9CDA7C38C5}.Debug|Any CPU.ActiveCfg = Debug|Any CPU
		{F0F464CF-7A74-4EEC-E209-DD9CDA7C38C5}.Debug|Any CPU.Build.0 = Debug|Any CPU
		{F0F464CF-7A74-4EEC-E209-DD9CDA7C38C5}.Release|Any CPU.ActiveCfg = Release|Any CPU
		{F0F464CF-7A74-4EEC-E209-DD9CDA7C38C5}.Release|Any CPU.Build.0 = Release|Any CPU
		{517D6706-BCEF-097C-1F03-7889FDB9F11B}.Debug|Any CPU.ActiveCfg = Debug|Any CPU
		{517D6706-BCEF-097C-1F03-7889FDB9F11B}.Debug|Any CPU.Build.0 = Debug|Any CPU
		{517D6706-BCEF-097C-1F03-7889FDB9F11B}.Release|Any CPU.ActiveCfg = Release|Any CPU
		{517D6706-BCEF-097C-1F03-7889FDB9F11B}.Release|Any CPU.Build.0 = Release|Any CPU
		{41CE2394-FFB3-E9B8-947B-74849D4B5994}.Debug|Any CPU.ActiveCfg = Debug|Any CPU
		{41CE2394-FFB3-E9B8-947B-74849D4B5994}.Debug|Any CPU.Build.0 = Debug|Any CPU
		{41CE2394-FFB3-E9B8-947B-74849D4B5994}.Release|Any CPU.ActiveCfg = Release|Any CPU
		{41CE2394-FFB3-E9B8-947B-74849D4B5994}.Release|Any CPU.Build.0 = Release|Any CPU
		{349E1A35-DDEC-6D50-310D-4DA225EF5B4D}.Debug|Any CPU.ActiveCfg = Debug|Any CPU
		{349E1A35-DDEC-6D50-310D-4DA225EF5B4D}.Debug|Any CPU.Build.0 = Debug|Any CPU
		{349E1A35-DDEC-6D50-310D-4DA225EF5B4D}.Release|Any CPU.ActiveCfg = Release|Any CPU
		{349E1A35-DDEC-6D50-310D-4DA225EF5B4D}.Release|Any CPU.Build.0 = Release|Any CPU
		{655675FD-5F22-2C78-9DBC-CC71CED1C5F6}.Debug|Any CPU.ActiveCfg = Debug|Any CPU
		{655675FD-5F22-2C78-9DBC-CC71CED1C5F6}.Debug|Any CPU.Build.0 = Debug|Any CPU
		{655675FD-5F22-2C78-9DBC-CC71CED1C5F6}.Release|Any CPU.ActiveCfg = Release|Any CPU
		{655675FD-5F22-2C78-9DBC-CC71CED1C5F6}.Release|Any CPU.Build.0 = Release|Any CPU
		{41E062B6-B2A1-42FC-719B-68A81E83C818}.Debug|Any CPU.ActiveCfg = Debug|Any CPU
		{41E062B6-B2A1-42FC-719B-68A81E83C818}.Debug|Any CPU.Build.0 = Debug|Any CPU
		{41E062B6-B2A1-42FC-719B-68A81E83C818}.Release|Any CPU.ActiveCfg = Release|Any CPU
		{41E062B6-B2A1-42FC-719B-68A81E83C818}.Release|Any CPU.Build.0 = Release|Any CPU
		{AEA4CB71-D98B-FCB0-A75E-2C65BDC94DAD}.Debug|Any CPU.ActiveCfg = Debug|Any CPU
		{AEA4CB71-D98B-FCB0-A75E-2C65BDC94DAD}.Debug|Any CPU.Build.0 = Debug|Any CPU
		{AEA4CB71-D98B-FCB0-A75E-2C65BDC94DAD}.Release|Any CPU.ActiveCfg = Release|Any CPU
		{AEA4CB71-D98B-FCB0-A75E-2C65BDC94DAD}.Release|Any CPU.Build.0 = Release|Any CPU
		{466F4FBC-1724-AC25-1E79-B06749394D57}.Debug|Any CPU.ActiveCfg = Debug|Any CPU
		{466F4FBC-1724-AC25-1E79-B06749394D57}.Debug|Any CPU.Build.0 = Debug|Any CPU
		{466F4FBC-1724-AC25-1E79-B06749394D57}.Release|Any CPU.ActiveCfg = Release|Any CPU
		{466F4FBC-1724-AC25-1E79-B06749394D57}.Release|Any CPU.Build.0 = Release|Any CPU
		{DC8AF845-D71B-0190-F39F-08F2EB942524}.Debug|Any CPU.ActiveCfg = Debug|Any CPU
		{DC8AF845-D71B-0190-F39F-08F2EB942524}.Debug|Any CPU.Build.0 = Debug|Any CPU
		{DC8AF845-D71B-0190-F39F-08F2EB942524}.Release|Any CPU.ActiveCfg = Release|Any CPU
		{DC8AF845-D71B-0190-F39F-08F2EB942524}.Release|Any CPU.Build.0 = Release|Any CPU
		{7E9DF89A-D915-BB3E-B3FE-8240EA6ED51C}.Debug|Any CPU.ActiveCfg = Debug|Any CPU
		{7E9DF89A-D915-BB3E-B3FE-8240EA6ED51C}.Debug|Any CPU.Build.0 = Debug|Any CPU
		{7E9DF89A-D915-BB3E-B3FE-8240EA6ED51C}.Release|Any CPU.ActiveCfg = Release|Any CPU
		{7E9DF89A-D915-BB3E-B3FE-8240EA6ED51C}.Release|Any CPU.Build.0 = Release|Any CPU
		{212F03A7-4410-3147-0B6F-8A0A73458C43}.Debug|Any CPU.ActiveCfg = Debug|Any CPU
		{212F03A7-4410-3147-0B6F-8A0A73458C43}.Debug|Any CPU.Build.0 = Debug|Any CPU
		{212F03A7-4410-3147-0B6F-8A0A73458C43}.Release|Any CPU.ActiveCfg = Release|Any CPU
		{212F03A7-4410-3147-0B6F-8A0A73458C43}.Release|Any CPU.Build.0 = Release|Any CPU
		{5A627DA3-6EF6-05BF-9795-F46E2B57BF02}.Debug|Any CPU.ActiveCfg = Debug|Any CPU
		{5A627DA3-6EF6-05BF-9795-F46E2B57BF02}.Debug|Any CPU.Build.0 = Debug|Any CPU
		{5A627DA3-6EF6-05BF-9795-F46E2B57BF02}.Release|Any CPU.ActiveCfg = Release|Any CPU
		{5A627DA3-6EF6-05BF-9795-F46E2B57BF02}.Release|Any CPU.Build.0 = Release|Any CPU
		{3E437EDC-2E1F-0C9C-2044-C14F39E86B2F}.Debug|Any CPU.ActiveCfg = Debug|Any CPU
		{3E437EDC-2E1F-0C9C-2044-C14F39E86B2F}.Debug|Any CPU.Build.0 = Debug|Any CPU
		{3E437EDC-2E1F-0C9C-2044-C14F39E86B2F}.Release|Any CPU.ActiveCfg = Release|Any CPU
		{3E437EDC-2E1F-0C9C-2044-C14F39E86B2F}.Release|Any CPU.Build.0 = Release|Any CPU
		{B7F136C9-90C0-4839-8CCE-1DC2BB85619D}.Debug|Any CPU.ActiveCfg = Debug|Any CPU
		{B7F136C9-90C0-4839-8CCE-1DC2BB85619D}.Debug|Any CPU.Build.0 = Debug|Any CPU
		{B7F136C9-90C0-4839-8CCE-1DC2BB85619D}.Release|Any CPU.ActiveCfg = Release|Any CPU
		{B7F136C9-90C0-4839-8CCE-1DC2BB85619D}.Release|Any CPU.Build.0 = Release|Any CPU
		{EB427F9A-1D24-4293-439A-9936EA5E35C9}.Debug|Any CPU.ActiveCfg = Debug|Any CPU
		{EB427F9A-1D24-4293-439A-9936EA5E35C9}.Debug|Any CPU.Build.0 = Debug|Any CPU
		{EB427F9A-1D24-4293-439A-9936EA5E35C9}.Release|Any CPU.ActiveCfg = Release|Any CPU
		{EB427F9A-1D24-4293-439A-9936EA5E35C9}.Release|Any CPU.Build.0 = Release|Any CPU
		{4BF6AC11-2F8F-5620-7BA1-7D45B1DB40FE}.Debug|Any CPU.ActiveCfg = Debug|Any CPU
		{4BF6AC11-2F8F-5620-7BA1-7D45B1DB40FE}.Debug|Any CPU.Build.0 = Debug|Any CPU
		{4BF6AC11-2F8F-5620-7BA1-7D45B1DB40FE}.Release|Any CPU.ActiveCfg = Release|Any CPU
		{4BF6AC11-2F8F-5620-7BA1-7D45B1DB40FE}.Release|Any CPU.Build.0 = Release|Any CPU
		{662033D0-E2AF-5F66-179E-AADC86C82159}.Debug|Any CPU.ActiveCfg = Debug|Any CPU
		{662033D0-E2AF-5F66-179E-AADC86C82159}.Debug|Any CPU.Build.0 = Debug|Any CPU
		{662033D0-E2AF-5F66-179E-AADC86C82159}.Release|Any CPU.ActiveCfg = Release|Any CPU
		{662033D0-E2AF-5F66-179E-AADC86C82159}.Release|Any CPU.Build.0 = Release|Any CPU
		{14E9A0FF-96E2-5246-D51F-D9598F2D3D53}.Debug|Any CPU.ActiveCfg = Debug|Any CPU
		{14E9A0FF-96E2-5246-D51F-D9598F2D3D53}.Debug|Any CPU.Build.0 = Debug|Any CPU
		{14E9A0FF-96E2-5246-D51F-D9598F2D3D53}.Release|Any CPU.ActiveCfg = Release|Any CPU
		{14E9A0FF-96E2-5246-D51F-D9598F2D3D53}.Release|Any CPU.Build.0 = Release|Any CPU
		{A1F1DDB3-2870-0A64-40F5-76B9271B8ED1}.Debug|Any CPU.ActiveCfg = Debug|Any CPU
		{A1F1DDB3-2870-0A64-40F5-76B9271B8ED1}.Debug|Any CPU.Build.0 = Debug|Any CPU
		{A1F1DDB3-2870-0A64-40F5-76B9271B8ED1}.Release|Any CPU.ActiveCfg = Release|Any CPU
		{A1F1DDB3-2870-0A64-40F5-76B9271B8ED1}.Release|Any CPU.Build.0 = Release|Any CPU
		{948F5867-2A1A-30FA-9288-C66D5D5CE76D}.Debug|Any CPU.ActiveCfg = Debug|Any CPU
		{948F5867-2A1A-30FA-9288-C66D5D5CE76D}.Debug|Any CPU.Build.0 = Debug|Any CPU
		{948F5867-2A1A-30FA-9288-C66D5D5CE76D}.Release|Any CPU.ActiveCfg = Release|Any CPU
		{948F5867-2A1A-30FA-9288-C66D5D5CE76D}.Release|Any CPU.Build.0 = Release|Any CPU
		{A58D9171-0575-7270-558C-66182F7903FD}.Debug|Any CPU.ActiveCfg = Debug|Any CPU
		{A58D9171-0575-7270-558C-66182F7903FD}.Debug|Any CPU.Build.0 = Debug|Any CPU
		{A58D9171-0575-7270-558C-66182F7903FD}.Release|Any CPU.ActiveCfg = Release|Any CPU
		{A58D9171-0575-7270-558C-66182F7903FD}.Release|Any CPU.Build.0 = Release|Any CPU
		{B8BF02F8-E25E-9377-1D15-924244951791}.Debug|Any CPU.ActiveCfg = Debug|Any CPU
		{B8BF02F8-E25E-9377-1D15-924244951791}.Debug|Any CPU.Build.0 = Debug|Any CPU
		{B8BF02F8-E25E-9377-1D15-924244951791}.Release|Any CPU.ActiveCfg = Release|Any CPU
		{B8BF02F8-E25E-9377-1D15-924244951791}.Release|Any CPU.Build.0 = Release|Any CPU
		{35C8876B-8475-C8A0-9F5A-B43884A6571B}.Debug|Any CPU.ActiveCfg = Debug|Any CPU
		{35C8876B-8475-C8A0-9F5A-B43884A6571B}.Debug|Any CPU.Build.0 = Debug|Any CPU
		{35C8876B-8475-C8A0-9F5A-B43884A6571B}.Release|Any CPU.ActiveCfg = Release|Any CPU
		{35C8876B-8475-C8A0-9F5A-B43884A6571B}.Release|Any CPU.Build.0 = Release|Any CPU
		{63504EF2-B907-42B7-813C-5AED977D77AF}.Debug|Any CPU.ActiveCfg = Debug|Any CPU
		{63504EF2-B907-42B7-813C-5AED977D77AF}.Debug|Any CPU.Build.0 = Debug|Any CPU
		{63504EF2-B907-42B7-813C-5AED977D77AF}.Release|Any CPU.ActiveCfg = Release|Any CPU
		{63504EF2-B907-42B7-813C-5AED977D77AF}.Release|Any CPU.Build.0 = Release|Any CPU
		{BE8B81F6-A9AB-0205-8B17-884547DFBDE6}.Debug|Any CPU.ActiveCfg = Debug|Any CPU
		{BE8B81F6-A9AB-0205-8B17-884547DFBDE6}.Debug|Any CPU.Build.0 = Debug|Any CPU
		{BE8B81F6-A9AB-0205-8B17-884547DFBDE6}.Release|Any CPU.ActiveCfg = Release|Any CPU
		{BE8B81F6-A9AB-0205-8B17-884547DFBDE6}.Release|Any CPU.Build.0 = Release|Any CPU
		{381A52C7-8CB5-3549-57B4-D58A6742320A}.Debug|Any CPU.ActiveCfg = Debug|Any CPU
		{381A52C7-8CB5-3549-57B4-D58A6742320A}.Debug|Any CPU.Build.0 = Debug|Any CPU
		{381A52C7-8CB5-3549-57B4-D58A6742320A}.Release|Any CPU.ActiveCfg = Release|Any CPU
		{381A52C7-8CB5-3549-57B4-D58A6742320A}.Release|Any CPU.Build.0 = Release|Any CPU
		{0B59F336-E9A3-EFC5-1F86-AA648F8EC0E3}.Debug|Any CPU.ActiveCfg = Debug|Any CPU
		{0B59F336-E9A3-EFC5-1F86-AA648F8EC0E3}.Debug|Any CPU.Build.0 = Debug|Any CPU
		{0B59F336-E9A3-EFC5-1F86-AA648F8EC0E3}.Release|Any CPU.ActiveCfg = Release|Any CPU
		{0B59F336-E9A3-EFC5-1F86-AA648F8EC0E3}.Release|Any CPU.Build.0 = Release|Any CPU
		{2144300F-3155-52DB-07B2-2CFCDC858758}.Debug|Any CPU.ActiveCfg = Debug|Any CPU
		{2144300F-3155-52DB-07B2-2CFCDC858758}.Debug|Any CPU.Build.0 = Debug|Any CPU
		{2144300F-3155-52DB-07B2-2CFCDC858758}.Release|Any CPU.ActiveCfg = Release|Any CPU
		{2144300F-3155-52DB-07B2-2CFCDC858758}.Release|Any CPU.Build.0 = Release|Any CPU
		{5296DC53-D043-1A65-9E57-908068769029}.Debug|Any CPU.ActiveCfg = Debug|Any CPU
		{5296DC53-D043-1A65-9E57-908068769029}.Debug|Any CPU.Build.0 = Debug|Any CPU
		{5296DC53-D043-1A65-9E57-908068769029}.Release|Any CPU.ActiveCfg = Release|Any CPU
		{5296DC53-D043-1A65-9E57-908068769029}.Release|Any CPU.Build.0 = Release|Any CPU
		{93E9CC34-0378-9F87-6363-61D84D5DCA09}.Debug|Any CPU.ActiveCfg = Debug|Any CPU
		{93E9CC34-0378-9F87-6363-61D84D5DCA09}.Debug|Any CPU.Build.0 = Debug|Any CPU
		{93E9CC34-0378-9F87-6363-61D84D5DCA09}.Release|Any CPU.ActiveCfg = Release|Any CPU
		{93E9CC34-0378-9F87-6363-61D84D5DCA09}.Release|Any CPU.Build.0 = Release|Any CPU
		{2D60B5C9-FCD3-F2CE-B322-5FB11584A8C4}.Debug|Any CPU.ActiveCfg = Debug|Any CPU
		{2D60B5C9-FCD3-F2CE-B322-5FB11584A8C4}.Debug|Any CPU.Build.0 = Debug|Any CPU
		{2D60B5C9-FCD3-F2CE-B322-5FB11584A8C4}.Release|Any CPU.ActiveCfg = Release|Any CPU
		{2D60B5C9-FCD3-F2CE-B322-5FB11584A8C4}.Release|Any CPU.Build.0 = Release|Any CPU
		{BC902175-A501-52F4-074B-6DC9D91C3DCF}.Debug|Any CPU.ActiveCfg = Debug|Any CPU
		{BC902175-A501-52F4-074B-6DC9D91C3DCF}.Debug|Any CPU.Build.0 = Debug|Any CPU
		{BC902175-A501-52F4-074B-6DC9D91C3DCF}.Release|Any CPU.ActiveCfg = Release|Any CPU
		{BC902175-A501-52F4-074B-6DC9D91C3DCF}.Release|Any CPU.Build.0 = Release|Any CPU
		{BEC90F2B-82EC-A23E-9CF3-5B21775B38C4}.Debug|Any CPU.ActiveCfg = Debug|Any CPU
		{BEC90F2B-82EC-A23E-9CF3-5B21775B38C4}.Debug|Any CPU.Build.0 = Debug|Any CPU
		{BEC90F2B-82EC-A23E-9CF3-5B21775B38C4}.Release|Any CPU.ActiveCfg = Release|Any CPU
		{BEC90F2B-82EC-A23E-9CF3-5B21775B38C4}.Release|Any CPU.Build.0 = Release|Any CPU
		{4574C3A3-53A1-B551-8D7F-04C9847CE9BB}.Debug|Any CPU.ActiveCfg = Debug|Any CPU
		{4574C3A3-53A1-B551-8D7F-04C9847CE9BB}.Debug|Any CPU.Build.0 = Debug|Any CPU
		{4574C3A3-53A1-B551-8D7F-04C9847CE9BB}.Release|Any CPU.ActiveCfg = Release|Any CPU
		{4574C3A3-53A1-B551-8D7F-04C9847CE9BB}.Release|Any CPU.Build.0 = Release|Any CPU
		{1C973CA5-D6C8-E6ED-9F50-20478564658A}.Debug|Any CPU.ActiveCfg = Debug|Any CPU
		{1C973CA5-D6C8-E6ED-9F50-20478564658A}.Debug|Any CPU.Build.0 = Debug|Any CPU
		{1C973CA5-D6C8-E6ED-9F50-20478564658A}.Release|Any CPU.ActiveCfg = Release|Any CPU
		{1C973CA5-D6C8-E6ED-9F50-20478564658A}.Release|Any CPU.Build.0 = Release|Any CPU
		{00DBB4FA-9D74-072E-1A17-0349A9D3264F}.Debug|Any CPU.ActiveCfg = Debug|Any CPU
		{00DBB4FA-9D74-072E-1A17-0349A9D3264F}.Debug|Any CPU.Build.0 = Debug|Any CPU
		{00DBB4FA-9D74-072E-1A17-0349A9D3264F}.Release|Any CPU.ActiveCfg = Release|Any CPU
		{00DBB4FA-9D74-072E-1A17-0349A9D3264F}.Release|Any CPU.Build.0 = Release|Any CPU
		{8C60675F-9214-E307-9A45-6251ACD04B7C}.Debug|Any CPU.ActiveCfg = Debug|Any CPU
		{8C60675F-9214-E307-9A45-6251ACD04B7C}.Debug|Any CPU.Build.0 = Debug|Any CPU
		{8C60675F-9214-E307-9A45-6251ACD04B7C}.Release|Any CPU.ActiveCfg = Release|Any CPU
		{8C60675F-9214-E307-9A45-6251ACD04B7C}.Release|Any CPU.Build.0 = Release|Any CPU
		{60B0BB9F-AAE0-0B21-2A9D-AD6E976B0997}.Debug|Any CPU.ActiveCfg = Debug|Any CPU
		{60B0BB9F-AAE0-0B21-2A9D-AD6E976B0997}.Debug|Any CPU.Build.0 = Debug|Any CPU
		{60B0BB9F-AAE0-0B21-2A9D-AD6E976B0997}.Release|Any CPU.ActiveCfg = Release|Any CPU
		{60B0BB9F-AAE0-0B21-2A9D-AD6E976B0997}.Release|Any CPU.Build.0 = Release|Any CPU
		{F39E3D90-4A06-D76A-C780-E779519798D9}.Debug|Any CPU.ActiveCfg = Debug|Any CPU
		{F39E3D90-4A06-D76A-C780-E779519798D9}.Debug|Any CPU.Build.0 = Debug|Any CPU
		{F39E3D90-4A06-D76A-C780-E779519798D9}.Release|Any CPU.ActiveCfg = Release|Any CPU
		{F39E3D90-4A06-D76A-C780-E779519798D9}.Release|Any CPU.Build.0 = Release|Any CPU
		{3D3929C7-B6FF-8671-9AAD-783C3FD33EFF}.Debug|Any CPU.ActiveCfg = Debug|Any CPU
		{3D3929C7-B6FF-8671-9AAD-783C3FD33EFF}.Debug|Any CPU.Build.0 = Debug|Any CPU
		{3D3929C7-B6FF-8671-9AAD-783C3FD33EFF}.Release|Any CPU.ActiveCfg = Release|Any CPU
		{3D3929C7-B6FF-8671-9AAD-783C3FD33EFF}.Release|Any CPU.Build.0 = Release|Any CPU
		{373A0B3F-CE9D-8FE9-20D8-DE0F711BFE77}.Debug|Any CPU.ActiveCfg = Debug|Any CPU
		{373A0B3F-CE9D-8FE9-20D8-DE0F711BFE77}.Debug|Any CPU.Build.0 = Debug|Any CPU
		{373A0B3F-CE9D-8FE9-20D8-DE0F711BFE77}.Release|Any CPU.ActiveCfg = Release|Any CPU
		{373A0B3F-CE9D-8FE9-20D8-DE0F711BFE77}.Release|Any CPU.Build.0 = Release|Any CPU
		{F176A0A2-7A2A-A52A-7748-21D1564D7CBC}.Debug|Any CPU.ActiveCfg = Debug|Any CPU
		{F176A0A2-7A2A-A52A-7748-21D1564D7CBC}.Debug|Any CPU.Build.0 = Debug|Any CPU
		{F176A0A2-7A2A-A52A-7748-21D1564D7CBC}.Release|Any CPU.ActiveCfg = Release|Any CPU
		{F176A0A2-7A2A-A52A-7748-21D1564D7CBC}.Release|Any CPU.Build.0 = Release|Any CPU
		{7E268CB4-DF83-B671-4236-502731091290}.Debug|Any CPU.ActiveCfg = Debug|Any CPU
		{7E268CB4-DF83-B671-4236-502731091290}.Debug|Any CPU.Build.0 = Debug|Any CPU
		{7E268CB4-DF83-B671-4236-502731091290}.Release|Any CPU.ActiveCfg = Release|Any CPU
		{7E268CB4-DF83-B671-4236-502731091290}.Release|Any CPU.Build.0 = Release|Any CPU
		{99415FF6-F6D6-776F-985D-0D760DECC057}.Debug|Any CPU.ActiveCfg = Debug|Any CPU
		{99415FF6-F6D6-776F-985D-0D760DECC057}.Debug|Any CPU.Build.0 = Debug|Any CPU
		{99415FF6-F6D6-776F-985D-0D760DECC057}.Release|Any CPU.ActiveCfg = Release|Any CPU
		{99415FF6-F6D6-776F-985D-0D760DECC057}.Release|Any CPU.Build.0 = Release|Any CPU
		{93F40F4C-6DBD-46EA-F6DC-7E8B52AD3DAD}.Debug|Any CPU.ActiveCfg = Debug|Any CPU
		{93F40F4C-6DBD-46EA-F6DC-7E8B52AD3DAD}.Debug|Any CPU.Build.0 = Debug|Any CPU
		{93F40F4C-6DBD-46EA-F6DC-7E8B52AD3DAD}.Release|Any CPU.ActiveCfg = Release|Any CPU
		{93F40F4C-6DBD-46EA-F6DC-7E8B52AD3DAD}.Release|Any CPU.Build.0 = Release|Any CPU
		{5B422125-24A9-A773-27A1-B4E418C9E99F}.Debug|Any CPU.ActiveCfg = Debug|Any CPU
		{5B422125-24A9-A773-27A1-B4E418C9E99F}.Debug|Any CPU.Build.0 = Debug|Any CPU
		{5B422125-24A9-A773-27A1-B4E418C9E99F}.Release|Any CPU.ActiveCfg = Release|Any CPU
		{5B422125-24A9-A773-27A1-B4E418C9E99F}.Release|Any CPU.Build.0 = Release|Any CPU
		{EA660189-9097-FC02-1D8A-7C0B1B289D13}.Debug|Any CPU.ActiveCfg = Debug|Any CPU
		{EA660189-9097-FC02-1D8A-7C0B1B289D13}.Debug|Any CPU.Build.0 = Debug|Any CPU
		{EA660189-9097-FC02-1D8A-7C0B1B289D13}.Release|Any CPU.ActiveCfg = Release|Any CPU
		{EA660189-9097-FC02-1D8A-7C0B1B289D13}.Release|Any CPU.Build.0 = Release|Any CPU
		{135B8848-2C16-33AB-3557-2EC385AD21EF}.Debug|Any CPU.ActiveCfg = Debug|Any CPU
		{135B8848-2C16-33AB-3557-2EC385AD21EF}.Debug|Any CPU.Build.0 = Debug|Any CPU
		{135B8848-2C16-33AB-3557-2EC385AD21EF}.Release|Any CPU.ActiveCfg = Release|Any CPU
		{135B8848-2C16-33AB-3557-2EC385AD21EF}.Release|Any CPU.Build.0 = Release|Any CPU
		{2B223CB5-A185-6555-7CB0-2490DADB064A}.Debug|Any CPU.ActiveCfg = Debug|Any CPU
		{2B223CB5-A185-6555-7CB0-2490DADB064A}.Debug|Any CPU.Build.0 = Debug|Any CPU
		{2B223CB5-A185-6555-7CB0-2490DADB064A}.Release|Any CPU.ActiveCfg = Release|Any CPU
		{2B223CB5-A185-6555-7CB0-2490DADB064A}.Release|Any CPU.Build.0 = Release|Any CPU
		{DE7390BC-3A5D-4842-AAAE-F10A52F384AD}.Debug|Any CPU.ActiveCfg = Debug|Any CPU
		{DE7390BC-3A5D-4842-AAAE-F10A52F384AD}.Debug|Any CPU.Build.0 = Debug|Any CPU
		{DE7390BC-3A5D-4842-AAAE-F10A52F384AD}.Release|Any CPU.ActiveCfg = Release|Any CPU
		{DE7390BC-3A5D-4842-AAAE-F10A52F384AD}.Release|Any CPU.Build.0 = Release|Any CPU
		{E12DCA23-EE96-BF77-F306-282CBA5C0A64}.Debug|Any CPU.ActiveCfg = Debug|Any CPU
		{E12DCA23-EE96-BF77-F306-282CBA5C0A64}.Debug|Any CPU.Build.0 = Debug|Any CPU
		{E12DCA23-EE96-BF77-F306-282CBA5C0A64}.Release|Any CPU.ActiveCfg = Release|Any CPU
		{E12DCA23-EE96-BF77-F306-282CBA5C0A64}.Release|Any CPU.Build.0 = Release|Any CPU
		{AA445F4D-789D-E5B1-8BFD-40CB18D8AD11}.Debug|Any CPU.ActiveCfg = Debug|Any CPU
		{AA445F4D-789D-E5B1-8BFD-40CB18D8AD11}.Debug|Any CPU.Build.0 = Debug|Any CPU
		{AA445F4D-789D-E5B1-8BFD-40CB18D8AD11}.Release|Any CPU.ActiveCfg = Release|Any CPU
		{AA445F4D-789D-E5B1-8BFD-40CB18D8AD11}.Release|Any CPU.Build.0 = Release|Any CPU
		{791779E3-6BCB-8385-B806-5B3C075B2CCD}.Debug|Any CPU.ActiveCfg = Debug|Any CPU
		{791779E3-6BCB-8385-B806-5B3C075B2CCD}.Debug|Any CPU.Build.0 = Debug|Any CPU
		{791779E3-6BCB-8385-B806-5B3C075B2CCD}.Release|Any CPU.ActiveCfg = Release|Any CPU
		{791779E3-6BCB-8385-B806-5B3C075B2CCD}.Release|Any CPU.Build.0 = Release|Any CPU
		{9B5557AA-D5E3-B65A-F75E-FE65200C6049}.Debug|Any CPU.ActiveCfg = Debug|Any CPU
		{9B5557AA-D5E3-B65A-F75E-FE65200C6049}.Debug|Any CPU.Build.0 = Debug|Any CPU
		{9B5557AA-D5E3-B65A-F75E-FE65200C6049}.Release|Any CPU.ActiveCfg = Release|Any CPU
		{9B5557AA-D5E3-B65A-F75E-FE65200C6049}.Release|Any CPU.Build.0 = Release|Any CPU
		{314A2C4C-2056-E301-8F51-E2977FCF4D87}.Debug|Any CPU.ActiveCfg = Debug|Any CPU
		{314A2C4C-2056-E301-8F51-E2977FCF4D87}.Debug|Any CPU.Build.0 = Debug|Any CPU
		{314A2C4C-2056-E301-8F51-E2977FCF4D87}.Release|Any CPU.ActiveCfg = Release|Any CPU
		{314A2C4C-2056-E301-8F51-E2977FCF4D87}.Release|Any CPU.Build.0 = Release|Any CPU
		{FA0ED90C-0A7A-6252-8466-7E09104170E7}.Debug|Any CPU.ActiveCfg = Debug|Any CPU
		{FA0ED90C-0A7A-6252-8466-7E09104170E7}.Debug|Any CPU.Build.0 = Debug|Any CPU
		{FA0ED90C-0A7A-6252-8466-7E09104170E7}.Release|Any CPU.ActiveCfg = Release|Any CPU
		{FA0ED90C-0A7A-6252-8466-7E09104170E7}.Release|Any CPU.Build.0 = Release|Any CPU
		{29F3FE3B-7C4A-FECD-A3EB-D6BB9CA03660}.Debug|Any CPU.ActiveCfg = Debug|Any CPU
		{29F3FE3B-7C4A-FECD-A3EB-D6BB9CA03660}.Debug|Any CPU.Build.0 = Debug|Any CPU
		{29F3FE3B-7C4A-FECD-A3EB-D6BB9CA03660}.Release|Any CPU.ActiveCfg = Release|Any CPU
		{29F3FE3B-7C4A-FECD-A3EB-D6BB9CA03660}.Release|Any CPU.Build.0 = Release|Any CPU
		{9634BB05-B636-D02D-9552-66A84D3362FD}.Debug|Any CPU.ActiveCfg = Debug|Any CPU
		{9634BB05-B636-D02D-9552-66A84D3362FD}.Debug|Any CPU.Build.0 = Debug|Any CPU
		{9634BB05-B636-D02D-9552-66A84D3362FD}.Release|Any CPU.ActiveCfg = Release|Any CPU
		{9634BB05-B636-D02D-9552-66A84D3362FD}.Release|Any CPU.Build.0 = Release|Any CPU
		{8F2ACE51-B6A9-EEB2-9BE7-7E89F8975C3B}.Debug|Any CPU.ActiveCfg = Debug|Any CPU
		{8F2ACE51-B6A9-EEB2-9BE7-7E89F8975C3B}.Debug|Any CPU.Build.0 = Debug|Any CPU
		{8F2ACE51-B6A9-EEB2-9BE7-7E89F8975C3B}.Release|Any CPU.ActiveCfg = Release|Any CPU
		{8F2ACE51-B6A9-EEB2-9BE7-7E89F8975C3B}.Release|Any CPU.Build.0 = Release|Any CPU
		{344338FB-D8A4-1A63-D4F2-BFA3E889D65C}.Debug|Any CPU.ActiveCfg = Debug|Any CPU
		{344338FB-D8A4-1A63-D4F2-BFA3E889D65C}.Debug|Any CPU.Build.0 = Debug|Any CPU
		{344338FB-D8A4-1A63-D4F2-BFA3E889D65C}.Release|Any CPU.ActiveCfg = Release|Any CPU
		{344338FB-D8A4-1A63-D4F2-BFA3E889D65C}.Release|Any CPU.Build.0 = Release|Any CPU
		{CD111A30-87E7-D1FC-0947-AE5B8E4DB36B}.Debug|Any CPU.ActiveCfg = Debug|Any CPU
		{CD111A30-87E7-D1FC-0947-AE5B8E4DB36B}.Debug|Any CPU.Build.0 = Debug|Any CPU
		{CD111A30-87E7-D1FC-0947-AE5B8E4DB36B}.Release|Any CPU.ActiveCfg = Release|Any CPU
		{CD111A30-87E7-D1FC-0947-AE5B8E4DB36B}.Release|Any CPU.Build.0 = Release|Any CPU
		{40F07D59-B11E-0E58-659E-514CD4E68C4E}.Debug|Any CPU.ActiveCfg = Debug|Any CPU
		{40F07D59-B11E-0E58-659E-514CD4E68C4E}.Debug|Any CPU.Build.0 = Debug|Any CPU
		{40F07D59-B11E-0E58-659E-514CD4E68C4E}.Release|Any CPU.ActiveCfg = Release|Any CPU
		{40F07D59-B11E-0E58-659E-514CD4E68C4E}.Release|Any CPU.Build.0 = Release|Any CPU
		{DB83A39E-77CA-0E6D-0D1C-964B900A657B}.Debug|Any CPU.ActiveCfg = Debug|Any CPU
		{DB83A39E-77CA-0E6D-0D1C-964B900A657B}.Debug|Any CPU.Build.0 = Debug|Any CPU
		{DB83A39E-77CA-0E6D-0D1C-964B900A657B}.Release|Any CPU.ActiveCfg = Release|Any CPU
		{DB83A39E-77CA-0E6D-0D1C-964B900A657B}.Release|Any CPU.Build.0 = Release|Any CPU
		{CE2425E3-8F1F-782B-66F8-E2E5AF7C0D73}.Debug|Any CPU.ActiveCfg = Debug|Any CPU
		{CE2425E3-8F1F-782B-66F8-E2E5AF7C0D73}.Debug|Any CPU.Build.0 = Debug|Any CPU
		{CE2425E3-8F1F-782B-66F8-E2E5AF7C0D73}.Release|Any CPU.ActiveCfg = Release|Any CPU
		{CE2425E3-8F1F-782B-66F8-E2E5AF7C0D73}.Release|Any CPU.Build.0 = Release|Any CPU
		{DB473640-8C21-D08D-C152-C0662D12F613}.Debug|Any CPU.ActiveCfg = Debug|Any CPU
		{DB473640-8C21-D08D-C152-C0662D12F613}.Debug|Any CPU.Build.0 = Debug|Any CPU
		{DB473640-8C21-D08D-C152-C0662D12F613}.Release|Any CPU.ActiveCfg = Release|Any CPU
		{DB473640-8C21-D08D-C152-C0662D12F613}.Release|Any CPU.Build.0 = Release|Any CPU
		{43D930B8-5F3D-168A-A72D-8FECFCF576B5}.Debug|Any CPU.ActiveCfg = Debug|Any CPU
		{43D930B8-5F3D-168A-A72D-8FECFCF576B5}.Debug|Any CPU.Build.0 = Debug|Any CPU
		{43D930B8-5F3D-168A-A72D-8FECFCF576B5}.Release|Any CPU.ActiveCfg = Release|Any CPU
		{43D930B8-5F3D-168A-A72D-8FECFCF576B5}.Release|Any CPU.Build.0 = Release|Any CPU
		{6A49C31F-29DB-DA85-D71B-6E7F5B384FFE}.Debug|Any CPU.ActiveCfg = Debug|Any CPU
		{6A49C31F-29DB-DA85-D71B-6E7F5B384FFE}.Debug|Any CPU.Build.0 = Debug|Any CPU
		{6A49C31F-29DB-DA85-D71B-6E7F5B384FFE}.Release|Any CPU.ActiveCfg = Release|Any CPU
		{6A49C31F-29DB-DA85-D71B-6E7F5B384FFE}.Release|Any CPU.Build.0 = Release|Any CPU
		{87516350-2EF3-B165-1626-577430C2A70C}.Debug|Any CPU.ActiveCfg = Debug|Any CPU
		{87516350-2EF3-B165-1626-577430C2A70C}.Debug|Any CPU.Build.0 = Debug|Any CPU
		{87516350-2EF3-B165-1626-577430C2A70C}.Release|Any CPU.ActiveCfg = Release|Any CPU
		{87516350-2EF3-B165-1626-577430C2A70C}.Release|Any CPU.Build.0 = Release|Any CPU
		{055468BE-7E70-976C-6041-F6D160F70207}.Debug|Any CPU.ActiveCfg = Debug|Any CPU
		{055468BE-7E70-976C-6041-F6D160F70207}.Debug|Any CPU.Build.0 = Debug|Any CPU
		{055468BE-7E70-976C-6041-F6D160F70207}.Release|Any CPU.ActiveCfg = Release|Any CPU
		{055468BE-7E70-976C-6041-F6D160F70207}.Release|Any CPU.Build.0 = Release|Any CPU
		{2AF6ACE9-485B-3CB0-4300-0127F77C0A4A}.Debug|Any CPU.ActiveCfg = Debug|Any CPU
		{2AF6ACE9-485B-3CB0-4300-0127F77C0A4A}.Debug|Any CPU.Build.0 = Debug|Any CPU
		{2AF6ACE9-485B-3CB0-4300-0127F77C0A4A}.Release|Any CPU.ActiveCfg = Release|Any CPU
		{2AF6ACE9-485B-3CB0-4300-0127F77C0A4A}.Release|Any CPU.Build.0 = Release|Any CPU
		{9E37B037-ED7D-6678-471E-1CF024A0696D}.Debug|Any CPU.ActiveCfg = Debug|Any CPU
		{9E37B037-ED7D-6678-471E-1CF024A0696D}.Debug|Any CPU.Build.0 = Debug|Any CPU
		{9E37B037-ED7D-6678-471E-1CF024A0696D}.Release|Any CPU.ActiveCfg = Release|Any CPU
		{9E37B037-ED7D-6678-471E-1CF024A0696D}.Release|Any CPU.Build.0 = Release|Any CPU
		{37989E74-242E-50AE-9946-17A7E747A86E}.Debug|Any CPU.ActiveCfg = Debug|Any CPU
		{37989E74-242E-50AE-9946-17A7E747A86E}.Debug|Any CPU.Build.0 = Debug|Any CPU
		{37989E74-242E-50AE-9946-17A7E747A86E}.Release|Any CPU.ActiveCfg = Release|Any CPU
		{37989E74-242E-50AE-9946-17A7E747A86E}.Release|Any CPU.Build.0 = Release|Any CPU
		{AD78509F-E518-1C35-EA49-CF76EC7A4A70}.Debug|Any CPU.ActiveCfg = Debug|Any CPU
		{AD78509F-E518-1C35-EA49-CF76EC7A4A70}.Debug|Any CPU.Build.0 = Debug|Any CPU
		{AD78509F-E518-1C35-EA49-CF76EC7A4A70}.Release|Any CPU.ActiveCfg = Release|Any CPU
		{AD78509F-E518-1C35-EA49-CF76EC7A4A70}.Release|Any CPU.Build.0 = Release|Any CPU
		{B7672C0B-B883-E732-70C8-9CE8EA07E776}.Debug|Any CPU.ActiveCfg = Debug|Any CPU
		{B7672C0B-B883-E732-70C8-9CE8EA07E776}.Debug|Any CPU.Build.0 = Debug|Any CPU
		{B7672C0B-B883-E732-70C8-9CE8EA07E776}.Release|Any CPU.ActiveCfg = Release|Any CPU
		{B7672C0B-B883-E732-70C8-9CE8EA07E776}.Release|Any CPU.Build.0 = Release|Any CPU
		{EA612DA2-62B1-A172-E3BE-9CD0F186BAD5}.Debug|Any CPU.ActiveCfg = Debug|Any CPU
		{EA612DA2-62B1-A172-E3BE-9CD0F186BAD5}.Debug|Any CPU.Build.0 = Debug|Any CPU
		{EA612DA2-62B1-A172-E3BE-9CD0F186BAD5}.Release|Any CPU.ActiveCfg = Release|Any CPU
		{EA612DA2-62B1-A172-E3BE-9CD0F186BAD5}.Release|Any CPU.Build.0 = Release|Any CPU
		{B088C2BE-F9FA-91E2-A9A7-86DBD44BA4F6}.Debug|Any CPU.ActiveCfg = Debug|Any CPU
		{B088C2BE-F9FA-91E2-A9A7-86DBD44BA4F6}.Debug|Any CPU.Build.0 = Debug|Any CPU
		{B088C2BE-F9FA-91E2-A9A7-86DBD44BA4F6}.Release|Any CPU.ActiveCfg = Release|Any CPU
		{B088C2BE-F9FA-91E2-A9A7-86DBD44BA4F6}.Release|Any CPU.Build.0 = Release|Any CPU
		{6A7E9E89-EF2B-ECD4-890A-DF85EBBFD9C8}.Debug|Any CPU.ActiveCfg = Debug|Any CPU
		{6A7E9E89-EF2B-ECD4-890A-DF85EBBFD9C8}.Debug|Any CPU.Build.0 = Debug|Any CPU
		{6A7E9E89-EF2B-ECD4-890A-DF85EBBFD9C8}.Release|Any CPU.ActiveCfg = Release|Any CPU
		{6A7E9E89-EF2B-ECD4-890A-DF85EBBFD9C8}.Release|Any CPU.Build.0 = Release|Any CPU
		{DF4E5277-253D-3D6D-C854-5ACCF5710ABA}.Debug|Any CPU.ActiveCfg = Debug|Any CPU
		{DF4E5277-253D-3D6D-C854-5ACCF5710ABA}.Debug|Any CPU.Build.0 = Debug|Any CPU
		{DF4E5277-253D-3D6D-C854-5ACCF5710ABA}.Release|Any CPU.ActiveCfg = Release|Any CPU
		{DF4E5277-253D-3D6D-C854-5ACCF5710ABA}.Release|Any CPU.Build.0 = Release|Any CPU
		{E9B284A2-912E-3713-9D8E-BAA590042439}.Debug|Any CPU.ActiveCfg = Debug|Any CPU
		{E9B284A2-912E-3713-9D8E-BAA590042439}.Debug|Any CPU.Build.0 = Debug|Any CPU
		{E9B284A2-912E-3713-9D8E-BAA590042439}.Release|Any CPU.ActiveCfg = Release|Any CPU
		{E9B284A2-912E-3713-9D8E-BAA590042439}.Release|Any CPU.Build.0 = Release|Any CPU
		{100C8CC4-FD28-5720-45E7-F61512FC650F}.Debug|Any CPU.ActiveCfg = Debug|Any CPU
		{100C8CC4-FD28-5720-45E7-F61512FC650F}.Debug|Any CPU.Build.0 = Debug|Any CPU
		{100C8CC4-FD28-5720-45E7-F61512FC650F}.Release|Any CPU.ActiveCfg = Release|Any CPU
		{100C8CC4-FD28-5720-45E7-F61512FC650F}.Release|Any CPU.Build.0 = Release|Any CPU
		{9466AAF3-A97F-C88C-1FA4-2DE267FACBB5}.Debug|Any CPU.ActiveCfg = Debug|Any CPU
		{9466AAF3-A97F-C88C-1FA4-2DE267FACBB5}.Debug|Any CPU.Build.0 = Debug|Any CPU
		{9466AAF3-A97F-C88C-1FA4-2DE267FACBB5}.Release|Any CPU.ActiveCfg = Release|Any CPU
		{9466AAF3-A97F-C88C-1FA4-2DE267FACBB5}.Release|Any CPU.Build.0 = Release|Any CPU
		{3F745EDA-FBA1-D830-C354-4489582D495F}.Debug|Any CPU.ActiveCfg = Debug|Any CPU
		{3F745EDA-FBA1-D830-C354-4489582D495F}.Debug|Any CPU.Build.0 = Debug|Any CPU
		{3F745EDA-FBA1-D830-C354-4489582D495F}.Release|Any CPU.ActiveCfg = Release|Any CPU
		{3F745EDA-FBA1-D830-C354-4489582D495F}.Release|Any CPU.Build.0 = Release|Any CPU
		{E11CAA0D-619D-F160-B914-0CD4A49D4277}.Debug|Any CPU.ActiveCfg = Debug|Any CPU
		{E11CAA0D-619D-F160-B914-0CD4A49D4277}.Debug|Any CPU.Build.0 = Debug|Any CPU
		{E11CAA0D-619D-F160-B914-0CD4A49D4277}.Release|Any CPU.ActiveCfg = Release|Any CPU
		{E11CAA0D-619D-F160-B914-0CD4A49D4277}.Release|Any CPU.Build.0 = Release|Any CPU
		{AB463392-C13E-B2E7-255F-31692389413B}.Debug|Any CPU.ActiveCfg = Debug|Any CPU
		{AB463392-C13E-B2E7-255F-31692389413B}.Debug|Any CPU.Build.0 = Debug|Any CPU
		{AB463392-C13E-B2E7-255F-31692389413B}.Release|Any CPU.ActiveCfg = Release|Any CPU
		{AB463392-C13E-B2E7-255F-31692389413B}.Release|Any CPU.Build.0 = Release|Any CPU
		{C03CEA86-C0E0-6934-9EA5-ADCC619B346D}.Debug|Any CPU.ActiveCfg = Debug|Any CPU
		{C03CEA86-C0E0-6934-9EA5-ADCC619B346D}.Debug|Any CPU.Build.0 = Debug|Any CPU
		{C03CEA86-C0E0-6934-9EA5-ADCC619B346D}.Release|Any CPU.ActiveCfg = Release|Any CPU
		{C03CEA86-C0E0-6934-9EA5-ADCC619B346D}.Release|Any CPU.Build.0 = Release|Any CPU
	EndGlobalSection
	GlobalSection(SolutionProperties) = preSolution
		HideSolutionNode = FALSE
	EndGlobalSection
EndGlobal
